// !$*UTF8*$!
{
	archiveVersion = 1;
	classes = {
	};
	objectVersion = 56;
	objects = {

/* Begin PBXBuildFile section */
		F317FB752B1C66CE00D8FE0B /* AppDelegate.m in Sources */ = {isa = PBXBuildFile; fileRef = F317FB742B1C66CE00D8FE0B /* AppDelegate.m */; };
		F317FB782B1C66CE00D8FE0B /* SceneDelegate.m in Sources */ = {isa = PBXBuildFile; fileRef = F317FB772B1C66CE00D8FE0B /* SceneDelegate.m */; };
		F317FB7B2B1C66CE00D8FE0B /* ViewController.m in Sources */ = {isa = PBXBuildFile; fileRef = F317FB7A2B1C66CE00D8FE0B /* ViewController.m */; };
		F317FB7E2B1C66CE00D8FE0B /* Main.storyboard in Resources */ = {isa = PBXBuildFile; fileRef = F317FB7C2B1C66CE00D8FE0B /* Main.storyboard */; };
		F317FB802B1C66CF00D8FE0B /* Assets.xcassets in Resources */ = {isa = PBXBuildFile; fileRef = F317FB7F2B1C66CF00D8FE0B /* Assets.xcassets */; };
		F317FB832B1C66CF00D8FE0B /* LaunchScreen.storyboard in Resources */ = {isa = PBXBuildFile; fileRef = F317FB812B1C66CF00D8FE0B /* LaunchScreen.storyboard */; };
		F317FB862B1C66CF00D8FE0B /* main.m in Sources */ = {isa = PBXBuildFile; fileRef = F317FB852B1C66CF00D8FE0B /* main.m */; };
/* End PBXBuildFile section */

/* Begin PBXFileReference section */
		F317FB702B1C66CE00D8FE0B /* Objective-C.app */ = {isa = PBXFileReference; explicitFileType = wrapper.application; includeInIndex = 0; path = "Objective-C.app"; sourceTree = BUILT_PRODUCTS_DIR; };
		F317FB732B1C66CE00D8FE0B /* AppDelegate.h */ = {isa = PBXFileReference; lastKnownFileType = sourcecode.c.h; path = AppDelegate.h; sourceTree = "<group>"; };
		F317FB742B1C66CE00D8FE0B /* AppDelegate.m */ = {isa = PBXFileReference; lastKnownFileType = sourcecode.c.objc; path = AppDelegate.m; sourceTree = "<group>"; };
		F317FB762B1C66CE00D8FE0B /* SceneDelegate.h */ = {isa = PBXFileReference; lastKnownFileType = sourcecode.c.h; path = SceneDelegate.h; sourceTree = "<group>"; };
		F317FB772B1C66CE00D8FE0B /* SceneDelegate.m */ = {isa = PBXFileReference; lastKnownFileType = sourcecode.c.objc; path = SceneDelegate.m; sourceTree = "<group>"; };
		F317FB792B1C66CE00D8FE0B /* ViewController.h */ = {isa = PBXFileReference; lastKnownFileType = sourcecode.c.h; path = ViewController.h; sourceTree = "<group>"; };
		F317FB7A2B1C66CE00D8FE0B /* ViewController.m */ = {isa = PBXFileReference; lastKnownFileType = sourcecode.c.objc; path = ViewController.m; sourceTree = "<group>"; };
		F317FB7D2B1C66CE00D8FE0B /* Base */ = {isa = PBXFileReference; lastKnownFileType = file.storyboard; name = Base; path = Base.lproj/Main.storyboard; sourceTree = "<group>"; };
		F317FB7F2B1C66CF00D8FE0B /* Assets.xcassets */ = {isa = PBXFileReference; lastKnownFileType = folder.assetcatalog; path = Assets.xcassets; sourceTree = "<group>"; };
		F317FB822B1C66CF00D8FE0B /* Base */ = {isa = PBXFileReference; lastKnownFileType = file.storyboard; name = Base; path = Base.lproj/LaunchScreen.storyboard; sourceTree = "<group>"; };
		F317FB842B1C66CF00D8FE0B /* Info.plist */ = {isa = PBXFileReference; lastKnownFileType = text.plist.xml; path = Info.plist; sourceTree = "<group>"; };
		F317FB852B1C66CF00D8FE0B /* main.m */ = {isa = PBXFileReference; lastKnownFileType = sourcecode.c.objc; path = main.m; sourceTree = "<group>"; };
/* End PBXFileReference section */

/* Begin PBXFrameworksBuildPhase section */
		F317FB6D2B1C66CE00D8FE0B /* Frameworks */ = {
			isa = PBXFrameworksBuildPhase;
			buildActionMask = 2147483647;
			files = (
			);
			runOnlyForDeploymentPostprocessing = 0;
		};
/* End PBXFrameworksBuildPhase section */

/* Begin PBXGroup section */
		F317FB672B1C66CE00D8FE0B = {
			isa = PBXGroup;
			children = (
				F317FB722B1C66CE00D8FE0B /* Objective-C */,
				F317FB712B1C66CE00D8FE0B /* Products */,
			);
			sourceTree = "<group>";
		};
		F317FB712B1C66CE00D8FE0B /* Products */ = {
			isa = PBXGroup;
			children = (
				F317FB702B1C66CE00D8FE0B /* Objective-C.app */,
			);
			name = Products;
			sourceTree = "<group>";
		};
		F317FB722B1C66CE00D8FE0B /* Objective-C */ = {
			isa = PBXGroup;
			children = (
				F317FB732B1C66CE00D8FE0B /* AppDelegate.h */,
				F317FB742B1C66CE00D8FE0B /* AppDelegate.m */,
				F317FB762B1C66CE00D8FE0B /* SceneDelegate.h */,
				F317FB772B1C66CE00D8FE0B /* SceneDelegate.m */,
				F317FB792B1C66CE00D8FE0B /* ViewController.h */,
				F317FB7A2B1C66CE00D8FE0B /* ViewController.m */,
				F317FB7C2B1C66CE00D8FE0B /* Main.storyboard */,
				F317FB7F2B1C66CF00D8FE0B /* Assets.xcassets */,
				F317FB812B1C66CF00D8FE0B /* LaunchScreen.storyboard */,
				F317FB842B1C66CF00D8FE0B /* Info.plist */,
				F317FB852B1C66CF00D8FE0B /* main.m */,
			);
			path = "Objective-C";
			sourceTree = "<group>";
		};
/* End PBXGroup section */

/* Begin PBXNativeTarget section */
		F317FB6F2B1C66CE00D8FE0B /* Objective-C */ = {
			isa = PBXNativeTarget;
			buildConfigurationList = F317FB892B1C66CF00D8FE0B /* Build configuration list for PBXNativeTarget "Objective-C" */;
			buildPhases = (
				F317FB6C2B1C66CE00D8FE0B /* Sources */,
				F317FB6D2B1C66CE00D8FE0B /* Frameworks */,
				F317FB6E2B1C66CE00D8FE0B /* Resources */,
			);
			buildRules = (
			);
			dependencies = (
			);
			name = "Objective-C";
			productName = "Objective-C";
			productReference = F317FB702B1C66CE00D8FE0B /* Objective-C.app */;
			productType = "com.apple.product-type.application";
		};
/* End PBXNativeTarget section */

/* Begin PBXProject section */
		F317FB682B1C66CE00D8FE0B /* Project object */ = {
			isa = PBXProject;
			attributes = {
				BuildIndependentTargetsInParallel = 1;
				LastUpgradeCheck = 1510;
				TargetAttributes = {
					F317FB6F2B1C66CE00D8FE0B = {
						CreatedOnToolsVersion = 15.1;
					};
				};
			};
			buildConfigurationList = F317FB6B2B1C66CE00D8FE0B /* Build configuration list for PBXProject "Objective-C" */;
			compatibilityVersion = "Xcode 14.0";
			developmentRegion = en;
			hasScannedForEncodings = 0;
			knownRegions = (
				en,
				Base,
			);
			mainGroup = F317FB672B1C66CE00D8FE0B;
			productRefGroup = F317FB712B1C66CE00D8FE0B /* Products */;
			projectDirPath = "";
			projectRoot = "";
			targets = (
				F317FB6F2B1C66CE00D8FE0B /* Objective-C */,
			);
		};
/* End PBXProject section */

/* Begin PBXResourcesBuildPhase section */
		F317FB6E2B1C66CE00D8FE0B /* Resources */ = {
			isa = PBXResourcesBuildPhase;
			buildActionMask = 2147483647;
			files = (
				F317FB832B1C66CF00D8FE0B /* LaunchScreen.storyboard in Resources */,
				F317FB802B1C66CF00D8FE0B /* Assets.xcassets in Resources */,
				F317FB7E2B1C66CE00D8FE0B /* Main.storyboard in Resources */,
			);
			runOnlyForDeploymentPostprocessing = 0;
		};
/* End PBXResourcesBuildPhase section */

/* Begin PBXSourcesBuildPhase section */
		F317FB6C2B1C66CE00D8FE0B /* Sources */ = {
			isa = PBXSourcesBuildPhase;
			buildActionMask = 2147483647;
			files = (
				F317FB7B2B1C66CE00D8FE0B /* ViewController.m in Sources */,
				F317FB752B1C66CE00D8FE0B /* AppDelegate.m in Sources */,
				F317FB862B1C66CF00D8FE0B /* main.m in Sources */,
				F317FB782B1C66CE00D8FE0B /* SceneDelegate.m in Sources */,
			);
			runOnlyForDeploymentPostprocessing = 0;
		};
/* End PBXSourcesBuildPhase section */

/* Begin PBXVariantGroup section */
		F317FB7C2B1C66CE00D8FE0B /* Main.storyboard */ = {
			isa = PBXVariantGroup;
			children = (
				F317FB7D2B1C66CE00D8FE0B /* Base */,
			);
			name = Main.storyboard;
			sourceTree = "<group>";
		};
		F317FB812B1C66CF00D8FE0B /* LaunchScreen.storyboard */ = {
			isa = PBXVariantGroup;
			children = (
				F317FB822B1C66CF00D8FE0B /* Base */,
			);
			name = LaunchScreen.storyboard;
			sourceTree = "<group>";
		};
/* End PBXVariantGroup section */

/* Begin XCBuildConfiguration section */
		F317FB872B1C66CF00D8FE0B /* Debug */ = {
			isa = XCBuildConfiguration;
			buildSettings = {
				ALWAYS_SEARCH_USER_PATHS = NO;
				ASSETCATALOG_COMPILER_GENERATE_SWIFT_ASSET_SYMBOL_EXTENSIONS = YES;
				CLANG_ANALYZER_NONNULL = YES;
				CLANG_ANALYZER_NUMBER_OBJECT_CONVERSION = YES_AGGRESSIVE;
				CLANG_CXX_LANGUAGE_STANDARD = "gnu++20";
				CLANG_ENABLE_MODULES = YES;
				CLANG_ENABLE_OBJC_ARC = YES;
				CLANG_ENABLE_OBJC_WEAK = YES;
				CLANG_WARN_BLOCK_CAPTURE_AUTORELEASING = YES;
				CLANG_WARN_BOOL_CONVERSION = YES;
				CLANG_WARN_COMMA = YES;
				CLANG_WARN_CONSTANT_CONVERSION = YES;
				CLANG_WARN_DEPRECATED_OBJC_IMPLEMENTATIONS = YES;
				CLANG_WARN_DIRECT_OBJC_ISA_USAGE = YES_ERROR;
				CLANG_WARN_DOCUMENTATION_COMMENTS = YES;
				CLANG_WARN_EMPTY_BODY = YES;
				CLANG_WARN_ENUM_CONVERSION = YES;
				CLANG_WARN_INFINITE_RECURSION = YES;
				CLANG_WARN_INT_CONVERSION = YES;
				CLANG_WARN_NON_LITERAL_NULL_CONVERSION = YES;
				CLANG_WARN_OBJC_IMPLICIT_RETAIN_SELF = YES;
				CLANG_WARN_OBJC_LITERAL_CONVERSION = YES;
				CLANG_WARN_OBJC_ROOT_CLASS = YES_ERROR;
				CLANG_WARN_QUOTED_INCLUDE_IN_FRAMEWORK_HEADER = YES;
				CLANG_WARN_RANGE_LOOP_ANALYSIS = YES;
				CLANG_WARN_STRICT_PROTOTYPES = YES;
				CLANG_WARN_SUSPICIOUS_MOVE = YES;
				CLANG_WARN_UNGUARDED_AVAILABILITY = YES_AGGRESSIVE;
				CLANG_WARN_UNREACHABLE_CODE = YES;
				CLANG_WARN__DUPLICATE_METHOD_MATCH = YES;
				COPY_PHASE_STRIP = NO;
				DEBUG_INFORMATION_FORMAT = dwarf;
				ENABLE_STRICT_OBJC_MSGSEND = YES;
				ENABLE_TESTABILITY = YES;
				ENABLE_USER_SCRIPT_SANDBOXING = YES;
				GCC_C_LANGUAGE_STANDARD = gnu17;
				GCC_DYNAMIC_NO_PIC = NO;
				GCC_NO_COMMON_BLOCKS = YES;
				GCC_OPTIMIZATION_LEVEL = 0;
				GCC_PREPROCESSOR_DEFINITIONS = (
					"DEBUG=1",
					"$(inherited)",
				);
				GCC_WARN_64_TO_32_BIT_CONVERSION = YES;
				GCC_WARN_ABOUT_RETURN_TYPE = YES_ERROR;
				GCC_WARN_UNDECLARED_SELECTOR = YES;
				GCC_WARN_UNINITIALIZED_AUTOS = YES_AGGRESSIVE;
				GCC_WARN_UNUSED_FUNCTION = YES;
				GCC_WARN_UNUSED_VARIABLE = YES;
				IPHONEOS_DEPLOYMENT_TARGET = 17.2;
				LOCALIZATION_PREFERS_STRING_CATALOGS = YES;
				MTL_ENABLE_DEBUG_INFO = INCLUDE_SOURCE;
				MTL_FAST_MATH = YES;
				ONLY_ACTIVE_ARCH = YES;
				SDKROOT = iphoneos;
			};
			name = Debug;
		};
		F317FB882B1C66CF00D8FE0B /* Release */ = {
			isa = XCBuildConfiguration;
			buildSettings = {
				ALWAYS_SEARCH_USER_PATHS = NO;
				ASSETCATALOG_COMPILER_GENERATE_SWIFT_ASSET_SYMBOL_EXTENSIONS = YES;
				CLANG_ANALYZER_NONNULL = YES;
				CLANG_ANALYZER_NUMBER_OBJECT_CONVERSION = YES_AGGRESSIVE;
				CLANG_CXX_LANGUAGE_STANDARD = "gnu++20";
				CLANG_ENABLE_MODULES = YES;
				CLANG_ENABLE_OBJC_ARC = YES;
				CLANG_ENABLE_OBJC_WEAK = YES;
				CLANG_WARN_BLOCK_CAPTURE_AUTORELEASING = YES;
				CLANG_WARN_BOOL_CONVERSION = YES;
				CLANG_WARN_COMMA = YES;
				CLANG_WARN_CONSTANT_CONVERSION = YES;
				CLANG_WARN_DEPRECATED_OBJC_IMPLEMENTATIONS = YES;
				CLANG_WARN_DIRECT_OBJC_ISA_USAGE = YES_ERROR;
				CLANG_WARN_DOCUMENTATION_COMMENTS = YES;
				CLANG_WARN_EMPTY_BODY = YES;
				CLANG_WARN_ENUM_CONVERSION = YES;
				CLANG_WARN_INFINITE_RECURSION = YES;
				CLANG_WARN_INT_CONVERSION = YES;
				CLANG_WARN_NON_LITERAL_NULL_CONVERSION = YES;
				CLANG_WARN_OBJC_IMPLICIT_RETAIN_SELF = YES;
				CLANG_WARN_OBJC_LITERAL_CONVERSION = YES;
				CLANG_WARN_OBJC_ROOT_CLASS = YES_ERROR;
				CLANG_WARN_QUOTED_INCLUDE_IN_FRAMEWORK_HEADER = YES;
				CLANG_WARN_RANGE_LOOP_ANALYSIS = YES;
				CLANG_WARN_STRICT_PROTOTYPES = YES;
				CLANG_WARN_SUSPICIOUS_MOVE = YES;
				CLANG_WARN_UNGUARDED_AVAILABILITY = YES_AGGRESSIVE;
				CLANG_WARN_UNREACHABLE_CODE = YES;
				CLANG_WARN__DUPLICATE_METHOD_MATCH = YES;
				COPY_PHASE_STRIP = NO;
				DEBUG_INFORMATION_FORMAT = "dwarf-with-dsym";
				ENABLE_NS_ASSERTIONS = NO;
				ENABLE_STRICT_OBJC_MSGSEND = YES;
				ENABLE_USER_SCRIPT_SANDBOXING = YES;
				GCC_C_LANGUAGE_STANDARD = gnu17;
				GCC_NO_COMMON_BLOCKS = YES;
				GCC_WARN_64_TO_32_BIT_CONVERSION = YES;
				GCC_WARN_ABOUT_RETURN_TYPE = YES_ERROR;
				GCC_WARN_UNDECLARED_SELECTOR = YES;
				GCC_WARN_UNINITIALIZED_AUTOS = YES_AGGRESSIVE;
				GCC_WARN_UNUSED_FUNCTION = YES;
				GCC_WARN_UNUSED_VARIABLE = YES;
				IPHONEOS_DEPLOYMENT_TARGET = 17.2;
				LOCALIZATION_PREFERS_STRING_CATALOGS = YES;
				MTL_ENABLE_DEBUG_INFO = NO;
				MTL_FAST_MATH = YES;
				SDKROOT = iphoneos;
				VALIDATE_PRODUCT = YES;
			};
			name = Release;
		};
		F317FB8A2B1C66CF00D8FE0B /* Debug */ = {
			isa = XCBuildConfiguration;
			buildSettings = {
				ASSETCATALOG_COMPILER_APPICON_NAME = AppIcon;
				ASSETCATALOG_COMPILER_GLOBAL_ACCENT_COLOR_NAME = AccentColor;
				CODE_SIGN_STYLE = Automatic;
				CURRENT_PROJECT_VERSION = 1;
				DEVELOPMENT_TEAM = 2N62934Y28;
				GENERATE_INFOPLIST_FILE = YES;
				INFOPLIST_FILE = "Objective-C/Info.plist";
				INFOPLIST_KEY_UIApplicationSupportsIndirectInputEvents = YES;
				INFOPLIST_KEY_UILaunchStoryboardName = LaunchScreen;
				INFOPLIST_KEY_UIMainStoryboardFile = Main;
				INFOPLIST_KEY_UISupportedInterfaceOrientations_iPad = "UIInterfaceOrientationPortrait UIInterfaceOrientationPortraitUpsideDown UIInterfaceOrientationLandscapeLeft UIInterfaceOrientationLandscapeRight";
				INFOPLIST_KEY_UISupportedInterfaceOrientations_iPhone = "UIInterfaceOrientationPortrait UIInterfaceOrientationLandscapeLeft UIInterfaceOrientationLandscapeRight";
				LD_RUNPATH_SEARCH_PATHS = (
					"$(inherited)",
					"@executable_path/Frameworks",
				);
				MARKETING_VERSION = 1.0;
				PRODUCT_BUNDLE_IDENTIFIER = "com.joker.Objective-C";
				PRODUCT_NAME = "$(TARGET_NAME)";
				SWIFT_EMIT_LOC_STRINGS = YES;
				TARGETED_DEVICE_FAMILY = "1,2";
			};
			name = Debug;
		};
		F317FB8B2B1C66CF00D8FE0B /* Release */ = {
			isa = XCBuildConfiguration;
			buildSettings = {
				ASSETCATALOG_COMPILER_APPICON_NAME = AppIcon;
				ASSETCATALOG_COMPILER_GLOBAL_ACCENT_COLOR_NAME = AccentColor;
				CODE_SIGN_STYLE = Automatic;
				CURRENT_PROJECT_VERSION = 1;
				DEVELOPMENT_TEAM = 2N62934Y28;
				GENERATE_INFOPLIST_FILE = YES;
				INFOPLIST_FILE = "Objective-C/Info.plist";
				INFOPLIST_KEY_UIApplicationSupportsIndirectInputEvents = YES;
				INFOPLIST_KEY_UILaunchStoryboardName = LaunchScreen;
				INFOPLIST_KEY_UIMainStoryboardFile = Main;
				INFOPLIST_KEY_UISupportedInterfaceOrientations_iPad = "UIInterfaceOrientationPortrait UIInterfaceOrientationPortraitUpsideDown UIInterfaceOrientationLandscapeLeft UIInterfaceOrientationLandscapeRight";
				INFOPLIST_KEY_UISupportedInterfaceOrientations_iPhone = "UIInterfaceOrientationPortrait UIInterfaceOrientationLandscapeLeft UIInterfaceOrientationLandscapeRight";
				LD_RUNPATH_SEARCH_PATHS = (
					"$(inherited)",
					"@executable_path/Frameworks",
				);
				MARKETING_VERSION = 1.0;
				PRODUCT_BUNDLE_IDENTIFIER = "com.joker.Objective-C";
				PRODUCT_NAME = "$(TARGET_NAME)";
				SWIFT_EMIT_LOC_STRINGS = YES;
				TARGETED_DEVICE_FAMILY = "1,2";
			};
			name = Release;
		};
/* End XCBuildConfiguration section */

/* Begin XCConfigurationList section */
		F317FB6B2B1C66CE00D8FE0B /* Build configuration list for PBXProject "Objective-C" */ = {
			isa = XCConfigurationList;
			buildConfigurations = (
				F317FB872B1C66CF00D8FE0B /* Debug */,
				F317FB882B1C66CF00D8FE0B /* Release */,
			);
			defaultConfigurationIsVisible = 0;
			defaultConfigurationName = Release;
		};
		F317FB892B1C66CF00D8FE0B /* Build configuration list for PBXNativeTarget "Objective-C" */ = {
			isa = XCConfigurationList;
			buildConfigurations = (
				F317FB8A2B1C66CF00D8FE0B /* Debug */,
				F317FB8B2B1C66CF00D8FE0B /* Release */,
			);
			defaultConfigurationIsVisible = 0;
			defaultConfigurationName = Release;
		};
/* End XCConfigurationList section */
	};
	rootObject = F317FB682B1C66CE00D8FE0B /* Project object */;
}
